
Microsoft Visual Studio Solution File, Format Version 12.00
# Visual Studio Version 17
VisualStudioVersion = 17.5.002.0
MinimumVisualStudioVersion = 10.0.40219.1
Project("{2150E333-8FDC-42A3-9474-1A3956D46DE8}") = "csharp-prep", "csharp-prep", "{F9856D40-65C9-4A1C-A516-87BBEBD21D84}"
EndProject
Project("{9A19103F-16F7-4668-BE54-9A1E7A4F7556}") = "Prep1", "csharp-prep\Prep1\Prep1.csproj", "{EF9327F4-D26A-4FAE-8F08-A294CAF6607D}"
EndProject
Project("{9A19103F-16F7-4668-BE54-9A1E7A4F7556}") = "Prep2", "csharp-prep\Prep2\Prep2.csproj", "{53DB77A7-88BE-4892-8FDE-EEA289552262}"
EndProject
Project("{9A19103F-16F7-4668-BE54-9A1E7A4F7556}") = "Prep3", "csharp-prep\Prep3\Prep3.csproj", "{EB4FBEB1-5523-4CD3-B2F9-E0849348F78F}"
EndProject
Project("{9A19103F-16F7-4668-BE54-9A1E7A4F7556}") = "Prep4", "csharp-prep\Prep4\Prep4.csproj", "{9A970ED9-473F-4A87-BD77-6644D33B7CCC}"
EndProject
Project("{9A19103F-16F7-4668-BE54-9A1E7A4F7556}") = "Prep5", "csharp-prep\Prep5\Prep5.csproj", "{D017E364-DB34-48C0-8452-84B36D125773}"
EndProject
Project("{2150E333-8FDC-42A3-9474-1A3956D46DE8}") = "final", "final", "{5CEB3285-1B96-4BDB-9409-69D00AE1CE28}"
EndProject
Project("{9A19103F-16F7-4668-BE54-9A1E7A4F7556}") = "FinalProject", "final\FinalProject\FinalProject.csproj", "{F356C003-A0F4-4B38-865E-6411EF85F735}"
EndProject
Project("{9A19103F-16F7-4668-BE54-9A1E7A4F7556}") = "Foundation1", "final\Foundation1\Foundation1.csproj", "{C3ACFCF7-E126-4ED0-BA7B-E5524C71B8C7}"
EndProject
Project("{9A19103F-16F7-4668-BE54-9A1E7A4F7556}") = "Foundation2", "final\Foundation2\Foundation2.csproj", "{C942EC1F-A27C-4B7C-B32E-4864D8FB5925}"
EndProject
Project("{9A19103F-16F7-4668-BE54-9A1E7A4F7556}") = "Foundation3", "final\Foundation3\Foundation3.csproj", "{AFED8F5F-CA38-4E13-9C64-E3375AA983AE}"
EndProject
Project("{9A19103F-16F7-4668-BE54-9A1E7A4F7556}") = "Foundation4", "final\Foundation4\Foundation4.csproj", "{67EBB536-A775-46DE-A92A-C35349DBC550}"
EndProject
Project("{2150E333-8FDC-42A3-9474-1A3956D46DE8}") = "prepare", "prepare", "{287343FB-49BC-43E9-92DC-669A90F4DC1A}"
EndProject
Project("{9A19103F-16F7-4668-BE54-9A1E7A4F7556}") = "Learning02", "prepare\Learning02\Learning02.csproj", "{4FE20140-0F8F-4E53-AB23-5AC1E37BA3FF}"
EndProject
Project("{9A19103F-16F7-4668-BE54-9A1E7A4F7556}") = "Learning03", "prepare\Learning03\Learning03.csproj", "{B9AD3CA3-03EB-44B1-8927-5A137B0C8C0E}"
EndProject
Project("{9A19103F-16F7-4668-BE54-9A1E7A4F7556}") = "Learning04", "prepare\Learning04\Learning04.csproj", "{6DE06FB6-5B18-4485-8F87-D880B0B66945}"
EndProject
Project("{9A19103F-16F7-4668-BE54-9A1E7A4F7556}") = "Learning05", "prepare\Learning05\Learning05.csproj", "{7EF50A04-270F-4EA5-9FC9-3FA2BF7B40D0}"
EndProject
Project("{2150E333-8FDC-42A3-9474-1A3956D46DE8}") = "prove", "prove", "{59F0DEE8-A95D-40D8-970B-69548F1711A3}"
EndProject
Project("{9A19103F-16F7-4668-BE54-9A1E7A4F7556}") = "Develop02", "prove\Develop02\Develop02.csproj", "{9C6DA721-62C7-43F4-8646-82D30D431F4D}"
EndProject
Project("{9A19103F-16F7-4668-BE54-9A1E7A4F7556}") = "Develop03", "prove\Develop03\Develop03.csproj", "{2312A8DE-E932-4820-B919-D69BF6D99C82}"
EndProject
Project("{9A19103F-16F7-4668-BE54-9A1E7A4F7556}") = "Develop04", "prove\Develop04\Develop04.csproj", "{22381D87-E90D-40FB-BCCC-C3B3217732AA}"
EndProject
Project("{9A19103F-16F7-4668-BE54-9A1E7A4F7556}") = "Develop05", "prove\Develop05\Develop05.csproj", "{7C342EF7-2173-46D6-8FED-74BCF6AD7A78}"
EndProject
Project("{2150E333-8FDC-42A3-9474-1A3956D46DE8}") = "sandbox", "sandbox", "{2F993EF3-581A-4155-99A8-BDFA8DE3CA89}"
EndProject
Project("{9A19103F-16F7-4668-BE54-9A1E7A4F7556}") = "Sandbox", "sandbox\Sandbox\Sandbox.csproj", "{ED69D4CD-1089-4902-B1DA-406B2376F2E2}"
EndProject
Global
	GlobalSection(SolutionConfigurationPlatforms) = preSolution
		Debug|Any CPU = Debug|Any CPU
		Release|Any CPU = Release|Any CPU
	EndGlobalSection
	GlobalSection(ProjectConfigurationPlatforms) = postSolution
		{EF9327F4-D26A-4FAE-8F08-A294CAF6607D}.Debug|Any CPU.ActiveCfg = Debug|Any CPU
		{EF9327F4-D26A-4FAE-8F08-A294CAF6607D}.Debug|Any CPU.Build.0 = Debug|Any CPU
		{EF9327F4-D26A-4FAE-8F08-A294CAF6607D}.Release|Any CPU.ActiveCfg = Release|Any CPU
		{EF9327F4-D26A-4FAE-8F08-A294CAF6607D}.Release|Any CPU.Build.0 = Release|Any CPU
		{53DB77A7-88BE-4892-8FDE-EEA289552262}.Debug|Any CPU.ActiveCfg = Debug|Any CPU
		{53DB77A7-88BE-4892-8FDE-EEA289552262}.Debug|Any CPU.Build.0 = Debug|Any CPU
		{53DB77A7-88BE-4892-8FDE-EEA289552262}.Release|Any CPU.ActiveCfg = Release|Any CPU
		{53DB77A7-88BE-4892-8FDE-EEA289552262}.Release|Any CPU.Build.0 = Release|Any CPU
		{EB4FBEB1-5523-4CD3-B2F9-E0849348F78F}.Debug|Any CPU.ActiveCfg = Debug|Any CPU
		{EB4FBEB1-5523-4CD3-B2F9-E0849348F78F}.Debug|Any CPU.Build.0 = Debug|Any CPU
		{EB4FBEB1-5523-4CD3-B2F9-E0849348F78F}.Release|Any CPU.ActiveCfg = Release|Any CPU
		{EB4FBEB1-5523-4CD3-B2F9-E0849348F78F}.Release|Any CPU.Build.0 = Release|Any CPU
		{9A970ED9-473F-4A87-BD77-6644D33B7CCC}.Debug|Any CPU.ActiveCfg = Debug|Any CPU
		{9A970ED9-473F-4A87-BD77-6644D33B7CCC}.Debug|Any CPU.Build.0 = Debug|Any CPU
		{9A970ED9-473F-4A87-BD77-6644D33B7CCC}.Release|Any CPU.ActiveCfg = Release|Any CPU
		{9A970ED9-473F-4A87-BD77-6644D33B7CCC}.Release|Any CPU.Build.0 = Release|Any CPU
		{D017E364-DB34-48C0-8452-84B36D125773}.Debug|Any CPU.ActiveCfg = Debug|Any CPU
		{D017E364-DB34-48C0-8452-84B36D125773}.Debug|Any CPU.Build.0 = Debug|Any CPU
		{D017E364-DB34-48C0-8452-84B36D125773}.Release|Any CPU.ActiveCfg = Release|Any CPU
		{D017E364-DB34-48C0-8452-84B36D125773}.Release|Any CPU.Build.0 = Release|Any CPU
		{F356C003-A0F4-4B38-865E-6411EF85F735}.Debug|Any CPU.ActiveCfg = Debug|Any CPU
		{F356C003-A0F4-4B38-865E-6411EF85F735}.Debug|Any CPU.Build.0 = Debug|Any CPU
		{F356C003-A0F4-4B38-865E-6411EF85F735}.Release|Any CPU.ActiveCfg = Release|Any CPU
		{F356C003-A0F4-4B38-865E-6411EF85F735}.Release|Any CPU.Build.0 = Release|Any CPU
		{C3ACFCF7-E126-4ED0-BA7B-E5524C71B8C7}.Debug|Any CPU.ActiveCfg = Debug|Any CPU
		{C3ACFCF7-E126-4ED0-BA7B-E5524C71B8C7}.Debug|Any CPU.Build.0 = Debug|Any CPU
		{C3ACFCF7-E126-4ED0-BA7B-E5524C71B8C7}.Release|Any CPU.ActiveCfg = Release|Any CPU
		{C3ACFCF7-E126-4ED0-BA7B-E5524C71B8C7}.Release|Any CPU.Build.0 = Release|Any CPU
		{C942EC1F-A27C-4B7C-B32E-4864D8FB5925}.Debug|Any CPU.ActiveCfg = Debug|Any CPU
		{C942EC1F-A27C-4B7C-B32E-4864D8FB5925}.Debug|Any CPU.Build.0 = Debug|Any CPU
		{C942EC1F-A27C-4B7C-B32E-4864D8FB5925}.Release|Any CPU.ActiveCfg = Release|Any CPU
		{C942EC1F-A27C-4B7C-B32E-4864D8FB5925}.Release|Any CPU.Build.0 = Release|Any CPU
		{AFED8F5F-CA38-4E13-9C64-E3375AA983AE}.Debug|Any CPU.ActiveCfg = Debug|Any CPU
		{AFED8F5F-CA38-4E13-9C64-E3375AA983AE}.Debug|Any CPU.Build.0 = Debug|Any CPU
		{AFED8F5F-CA38-4E13-9C64-E3375AA983AE}.Release|Any CPU.ActiveCfg = Release|Any CPU
		{AFED8F5F-CA38-4E13-9C64-E3375AA983AE}.Release|Any CPU.Build.0 = Release|Any CPU
		{67EBB536-A775-46DE-A92A-C35349DBC550}.Debug|Any CPU.ActiveCfg = Debug|Any CPU
		{67EBB536-A775-46DE-A92A-C35349DBC550}.Debug|Any CPU.Build.0 = Debug|Any CPU
		{67EBB536-A775-46DE-A92A-C35349DBC550}.Release|Any CPU.ActiveCfg = Release|Any CPU
		{67EBB536-A775-46DE-A92A-C35349DBC550}.Release|Any CPU.Build.0 = Release|Any CPU
		{4FE20140-0F8F-4E53-AB23-5AC1E37BA3FF}.Debug|Any CPU.ActiveCfg = Debug|Any CPU
		{4FE20140-0F8F-4E53-AB23-5AC1E37BA3FF}.Debug|Any CPU.Build.0 = Debug|Any CPU
		{4FE20140-0F8F-4E53-AB23-5AC1E37BA3FF}.Release|Any CPU.ActiveCfg = Release|Any CPU
		{4FE20140-0F8F-4E53-AB23-5AC1E37BA3FF}.Release|Any CPU.Build.0 = Release|Any CPU
		{B9AD3CA3-03EB-44B1-8927-5A137B0C8C0E}.Debug|Any CPU.ActiveCfg = Debug|Any CPU
		{B9AD3CA3-03EB-44B1-8927-5A137B0C8C0E}.Debug|Any CPU.Build.0 = Debug|Any CPU
		{B9AD3CA3-03EB-44B1-8927-5A137B0C8C0E}.Release|Any CPU.ActiveCfg = Release|Any CPU
		{B9AD3CA3-03EB-44B1-8927-5A137B0C8C0E}.Release|Any CPU.Build.0 = Release|Any CPU
		{6DE06FB6-5B18-4485-8F87-D880B0B66945}.Debug|Any CPU.ActiveCfg = Debug|Any CPU
		{6DE06FB6-5B18-4485-8F87-D880B0B66945}.Debug|Any CPU.Build.0 = Debug|Any CPU
		{6DE06FB6-5B18-4485-8F87-D880B0B66945}.Release|Any CPU.ActiveCfg = Release|Any CPU
		{6DE06FB6-5B18-4485-8F87-D880B0B66945}.Release|Any CPU.Build.0 = Release|Any CPU
		{7EF50A04-270F-4EA5-9FC9-3FA2BF7B40D0}.Debug|Any CPU.ActiveCfg = Debug|Any CPU
		{7EF50A04-270F-4EA5-9FC9-3FA2BF7B40D0}.Debug|Any CPU.Build.0 = Debug|Any CPU
		{7EF50A04-270F-4EA5-9FC9-3FA2BF7B40D0}.Release|Any CPU.ActiveCfg = Release|Any CPU
		{7EF50A04-270F-4EA5-9FC9-3FA2BF7B40D0}.Release|Any CPU.Build.0 = Release|Any CPU
		{9C6DA721-62C7-43F4-8646-82D30D431F4D}.Debug|Any CPU.ActiveCfg = Debug|Any CPU
		{9C6DA721-62C7-43F4-8646-82D30D431F4D}.Debug|Any CPU.Build.0 = Debug|Any CPU
		{9C6DA721-62C7-43F4-8646-82D30D431F4D}.Release|Any CPU.ActiveCfg = Release|Any CPU
		{9C6DA721-62C7-43F4-8646-82D30D431F4D}.Release|Any CPU.Build.0 = Release|Any CPU
		{2312A8DE-E932-4820-B919-D69BF6D99C82}.Debug|Any CPU.ActiveCfg = Debug|Any CPU
		{2312A8DE-E932-4820-B919-D69BF6D99C82}.Debug|Any CPU.Build.0 = Debug|Any CPU
		{2312A8DE-E932-4820-B919-D69BF6D99C82}.Release|Any CPU.ActiveCfg = Release|Any CPU
		{2312A8DE-E932-4820-B919-D69BF6D99C82}.Release|Any CPU.Build.0 = Release|Any CPU
		{22381D87-E90D-40FB-BCCC-C3B3217732AA}.Debug|Any CPU.ActiveCfg = Debug|Any CPU
		{22381D87-E90D-40FB-BCCC-C3B3217732AA}.Debug|Any CPU.Build.0 = Debug|Any CPU
		{22381D87-E90D-40FB-BCCC-C3B3217732AA}.Release|Any CPU.ActiveCfg = Release|Any CPU
		{22381D87-E90D-40FB-BCCC-C3B3217732AA}.Release|Any CPU.Build.0 = Release|Any CPU
		{7C342EF7-2173-46D6-8FED-74BCF6AD7A78}.Debug|Any CPU.ActiveCfg = Debug|Any CPU
		{7C342EF7-2173-46D6-8FED-74BCF6AD7A78}.Debug|Any CPU.Build.0 = Debug|Any CPU
		{7C342EF7-2173-46D6-8FED-74BCF6AD7A78}.Release|Any CPU.ActiveCfg = Release|Any CPU
		{7C342EF7-2173-46D6-8FED-74BCF6AD7A78}.Release|Any CPU.Build.0 = Release|Any CPU
		{ED69D4CD-1089-4902-B1DA-406B2376F2E2}.Debug|Any CPU.ActiveCfg = Debug|Any CPU
		{ED69D4CD-1089-4902-B1DA-406B2376F2E2}.Debug|Any CPU.Build.0 = Debug|Any CPU
		{ED69D4CD-1089-4902-B1DA-406B2376F2E2}.Release|Any CPU.ActiveCfg = Release|Any CPU
		{ED69D4CD-1089-4902-B1DA-406B2376F2E2}.Release|Any CPU.Build.0 = Release|Any CPU
	EndGlobalSection
	GlobalSection(SolutionProperties) = preSolution
		HideSolutionNode = FALSE
	EndGlobalSection
	GlobalSection(NestedProjects) = preSolution
		{EF9327F4-D26A-4FAE-8F08-A294CAF6607D} = {F9856D40-65C9-4A1C-A516-87BBEBD21D84}
		{53DB77A7-88BE-4892-8FDE-EEA289552262} = {F9856D40-65C9-4A1C-A516-87BBEBD21D84}
		{EB4FBEB1-5523-4CD3-B2F9-E0849348F78F} = {F9856D40-65C9-4A1C-A516-87BBEBD21D84}
		{9A970ED9-473F-4A87-BD77-6644D33B7CCC} = {F9856D40-65C9-4A1C-A516-87BBEBD21D84}
		{D017E364-DB34-48C0-8452-84B36D125773} = {F9856D40-65C9-4A1C-A516-87BBEBD21D84}
		{F356C003-A0F4-4B38-865E-6411EF85F735} = {5CEB3285-1B96-4BDB-9409-69D00AE1CE28}
		{C3ACFCF7-E126-4ED0-BA7B-E5524C71B8C7} = {5CEB3285-1B96-4BDB-9409-69D00AE1CE28}
		{C942EC1F-A27C-4B7C-B32E-4864D8FB5925} = {5CEB3285-1B96-4BDB-9409-69D00AE1CE28}
		{AFED8F5F-CA38-4E13-9C64-E3375AA983AE} = {5CEB3285-1B96-4BDB-9409-69D00AE1CE28}
		{67EBB536-A775-46DE-A92A-C35349DBC550} = {5CEB3285-1B96-4BDB-9409-69D00AE1CE28}
		{4FE20140-0F8F-4E53-AB23-5AC1E37BA3FF} = {287343FB-49BC-43E9-92DC-669A90F4DC1A}
		{B9AD3CA3-03EB-44B1-8927-5A137B0C8C0E} = {287343FB-49BC-43E9-92DC-669A90F4DC1A}
		{6DE06FB6-5B18-4485-8F87-D880B0B66945} = {287343FB-49BC-43E9-92DC-669A90F4DC1A}
		{7EF50A04-270F-4EA5-9FC9-3FA2BF7B40D0} = {287343FB-49BC-43E9-92DC-669A90F4DC1A}
		{9C6DA721-62C7-43F4-8646-82D30D431F4D} = {59F0DEE8-A95D-40D8-970B-69548F1711A3}
		{2312A8DE-E932-4820-B919-D69BF6D99C82} = {59F0DEE8-A95D-40D8-970B-69548F1711A3}
		{22381D87-E90D-40FB-BCCC-C3B3217732AA} = {59F0DEE8-A95D-40D8-970B-69548F1711A3}
		{7C342EF7-2173-46D6-8FED-74BCF6AD7A78} = {59F0DEE8-A95D-40D8-970B-69548F1711A3}
		{ED69D4CD-1089-4902-B1DA-406B2376F2E2} = {2F993EF3-581A-4155-99A8-BDFA8DE3CA89}
	EndGlobalSection
	GlobalSection(ExtensibilityGlobals) = postSolution
		SolutionGuid = {8EF41AD2-60A1-4139-8F10-D86AEC5A878D}
	EndGlobalSection
EndGlobal
